// !$*UTF8*$!
{
	archiveVersion = 1;
	classes = {
	};
	objectVersion = 48;
	objects = {

/* Begin PBXBuildFile section */
		FCCD5554200B82FA006EDD1B /* AppDelegate.swift in Sources */ = {isa = PBXBuildFile; fileRef = FCCD5553200B82FA006EDD1B /* AppDelegate.swift */; };
		FCCD5556200B82FA006EDD1B /* BlinkingController.swift in Sources */ = {isa = PBXBuildFile; fileRef = FCCD5555200B82FA006EDD1B /* BlinkingController.swift */; };
		FCCD555B200B82FA006EDD1B /* Assets.xcassets in Resources */ = {isa = PBXBuildFile; fileRef = FCCD555A200B82FA006EDD1B /* Assets.xcassets */; };
		FCCD5566200B832D006EDD1B /* BlinkingSquareView.swift in Sources */ = {isa = PBXBuildFile; fileRef = FCCD5565200B832D006EDD1B /* BlinkingSquareView.swift */; };
		FCCD5568200B8C46006EDD1B /* MainViewController.swift in Sources */ = {isa = PBXBuildFile; fileRef = FCCD5567200B8C46006EDD1B /* MainViewController.swift */; };
		FCCD556A200B8CCE006EDD1B /* LayoutHelper.swift in Sources */ = {isa = PBXBuildFile; fileRef = FCCD5569200B8CCE006EDD1B /* LayoutHelper.swift */; };
/* End PBXBuildFile section */

/* Begin PBXFileReference section */
		FCCD5550200B82FA006EDD1B /* CaptureByRepeatedAnimation.app */ = {isa = PBXFileReference; explicitFileType = wrapper.application; includeInIndex = 0; path = CaptureByRepeatedAnimation.app; sourceTree = BUILT_PRODUCTS_DIR; };
		FCCD5553200B82FA006EDD1B /* AppDelegate.swift */ = {isa = PBXFileReference; lastKnownFileType = sourcecode.swift; path = AppDelegate.swift; sourceTree = "<group>"; };
		FCCD5555200B82FA006EDD1B /* BlinkingController.swift */ = {isa = PBXFileReference; lastKnownFileType = sourcecode.swift; path = BlinkingController.swift; sourceTree = "<group>"; };
		FCCD555A200B82FA006EDD1B /* Assets.xcassets */ = {isa = PBXFileReference; lastKnownFileType = folder.assetcatalog; path = Assets.xcassets; sourceTree = "<group>"; };
		FCCD555F200B82FA006EDD1B /* Info.plist */ = {isa = PBXFileReference; lastKnownFileType = text.plist.xml; path = Info.plist; sourceTree = "<group>"; };
		FCCD5565200B832D006EDD1B /* BlinkingSquareView.swift */ = {isa = PBXFileReference; lastKnownFileType = sourcecode.swift; path = BlinkingSquareView.swift; sourceTree = "<group>"; };
		FCCD5567200B8C46006EDD1B /* MainViewController.swift */ = {isa = PBXFileReference; lastKnownFileType = sourcecode.swift; path = MainViewController.swift; sourceTree = "<group>"; };
		FCCD5569200B8CCE006EDD1B /* LayoutHelper.swift */ = {isa = PBXFileReference; lastKnownFileType = sourcecode.swift; path = LayoutHelper.swift; sourceTree = "<group>"; };
/* End PBXFileReference section */

/* Begin PBXFrameworksBuildPhase section */
		FCCD554D200B82FA006EDD1B /* Frameworks */ = {
			isa = PBXFrameworksBuildPhase;
			buildActionMask = 2147483647;
			files = (
			);
			runOnlyForDeploymentPostprocessing = 0;
		};
/* End PBXFrameworksBuildPhase section */

/* Begin PBXGroup section */
		FCCD5547200B82FA006EDD1B = {
			isa = PBXGroup;
			children = (
				FCCD5552200B82FA006EDD1B /* CaptureByRepeatedAnimation */,
				FCCD5551200B82FA006EDD1B /* Products */,
			);
			sourceTree = "<group>";
		};
		FCCD5551200B82FA006EDD1B /* Products */ = {
			isa = PBXGroup;
			children = (
				FCCD5550200B82FA006EDD1B /* CaptureByRepeatedAnimation.app */,
			);
			name = Products;
			sourceTree = "<group>";
		};
		FCCD5552200B82FA006EDD1B /* CaptureByRepeatedAnimation */ = {
			isa = PBXGroup;
			children = (
				FCCD5553200B82FA006EDD1B /* AppDelegate.swift */,
				FCCD5555200B82FA006EDD1B /* BlinkingController.swift */,
				FCCD5567200B8C46006EDD1B /* MainViewController.swift */,
				FCCD555A200B82FA006EDD1B /* Assets.xcassets */,
				FCCD555F200B82FA006EDD1B /* Info.plist */,
				FCCD5565200B832D006EDD1B /* BlinkingSquareView.swift */,
				FCCD5569200B8CCE006EDD1B /* LayoutHelper.swift */,
			);
			path = CaptureByRepeatedAnimation;
			sourceTree = "<group>";
		};
/* End PBXGroup section */

/* Begin PBXNativeTarget section */
		FCCD554F200B82FA006EDD1B /* CaptureByRepeatedAnimation */ = {
			isa = PBXNativeTarget;
			buildConfigurationList = FCCD5562200B82FA006EDD1B /* Build configuration list for PBXNativeTarget "CaptureByRepeatedAnimation" */;
			buildPhases = (
				FCCD554C200B82FA006EDD1B /* Sources */,
				FCCD554D200B82FA006EDD1B /* Frameworks */,
				FCCD554E200B82FA006EDD1B /* Resources */,
			);
			buildRules = (
			);
			dependencies = (
			);
			name = CaptureByRepeatedAnimation;
			productName = CaptureByRepeatedAnimation;
			productReference = FCCD5550200B82FA006EDD1B /* CaptureByRepeatedAnimation.app */;
			productType = "com.apple.product-type.application";
		};
/* End PBXNativeTarget section */

/* Begin PBXProject section */
		FCCD5548200B82FA006EDD1B /* Project object */ = {
			isa = PBXProject;
			attributes = {
				LastSwiftUpdateCheck = 0920;
				LastUpgradeCheck = 0920;
				ORGANIZATIONNAME = "Vsevolod Mashinson";
				TargetAttributes = {
					FCCD554F200B82FA006EDD1B = {
						CreatedOnToolsVersion = 9.2;
						ProvisioningStyle = Automatic;
					};
				};
			};
			buildConfigurationList = FCCD554B200B82FA006EDD1B /* Build configuration list for PBXProject "CaptureByRepeatedAnimation" */;
			compatibilityVersion = "Xcode 8.0";
			developmentRegion = en;
			hasScannedForEncodings = 0;
			knownRegions = (
				en,
				Base,
			);
			mainGroup = FCCD5547200B82FA006EDD1B;
			productRefGroup = FCCD5551200B82FA006EDD1B /* Products */;
			projectDirPath = "";
			projectRoot = "";
			targets = (
				FCCD554F200B82FA006EDD1B /* CaptureByRepeatedAnimation */,
			);
		};
/* End PBXProject section */

/* Begin PBXResourcesBuildPhase section */
		FCCD554E200B82FA006EDD1B /* Resources */ = {
			isa = PBXResourcesBuildPhase;
			buildActionMask = 2147483647;
			files = (
				FCCD555B200B82FA006EDD1B /* Assets.xcassets in Resources */,
			);
			runOnlyForDeploymentPostprocessing = 0;
		};
/* End PBXResourcesBuildPhase section */

/* Begin PBXSourcesBuildPhase section */
		FCCD554C200B82FA006EDD1B /* Sources */ = {
			isa = PBXSourcesBuildPhase;
			buildActionMask = 2147483647;
			files = (
				FCCD5556200B82FA006EDD1B /* BlinkingController.swift in Sources */,
				FCCD556A200B8CCE006EDD1B /* LayoutHelper.swift in Sources */,
				FCCD5554200B82FA006EDD1B /* AppDelegate.swift in Sources */,
				FCCD5566200B832D006EDD1B /* BlinkingSquareView.swift in Sources */,
				FCCD5568200B8C46006EDD1B /* MainViewController.swift in Sources */,
			);
			runOnlyForDeploymentPostprocessing = 0;
		};
/* End PBXSourcesBuildPhase section */

/* Begin XCBuildConfiguration section */
		FCCD5560200B82FA006EDD1B /* Debug */ = {
			isa = XCBuildConfiguration;
			buildSettings = {
				ALWAYS_SEARCH_USER_PATHS = NO;
				CLANG_ANALYZER_NONNULL = YES;
				CLANG_ANALYZER_NUMBER_OBJECT_CONVERSION = YES_AGGRESSIVE;
				CLANG_CXX_LANGUAGE_STANDARD = "gnu++14";
				CLANG_CXX_LIBRARY = "libc++";
				CLANG_ENABLE_MODULES = YES;
				CLANG_ENABLE_OBJC_ARC = YES;
				CLANG_WARN_BLOCK_CAPTURE_AUTORELEASING = YES;
				CLANG_WARN_BOOL_CONVERSION = YES;
				CLANG_WARN_COMMA = YES;
				CLANG_WARN_CONSTANT_CONVERSION = YES;
				CLANG_WARN_DIRECT_OBJC_ISA_USAGE = YES_ERROR;
				CLANG_WARN_DOCUMENTATION_COMMENTS = YES;
				CLANG_WARN_EMPTY_BODY = YES;
				CLANG_WARN_ENUM_CONVERSION = YES;
				CLANG_WARN_INFINITE_RECURSION = YES;
				CLANG_WARN_INT_CONVERSION = YES;
				CLANG_WARN_NON_LITERAL_NULL_CONVERSION = YES;
				CLANG_WARN_OBJC_LITERAL_CONVERSION = YES;
				CLANG_WARN_OBJC_ROOT_CLASS = YES_ERROR;
				CLANG_WARN_RANGE_LOOP_ANALYSIS = YES;
				CLANG_WARN_STRICT_PROTOTYPES = YES;
				CLANG_WARN_SUSPICIOUS_MOVE = YES;
				CLANG_WARN_UNGUARDED_AVAILABILITY = YES_AGGRESSIVE;
				CLANG_WARN_UNREACHABLE_CODE = YES;
				CLANG_WARN__DUPLICATE_METHOD_MATCH = YES;
				CODE_SIGN_IDENTITY = "iPhone Developer";
				COPY_PHASE_STRIP = NO;
				DEBUG_INFORMATION_FORMAT = dwarf;
				ENABLE_STRICT_OBJC_MSGSEND = YES;
				ENABLE_TESTABILITY = YES;
				GCC_C_LANGUAGE_STANDARD = gnu11;
				GCC_DYNAMIC_NO_PIC = NO;
				GCC_NO_COMMON_BLOCKS = YES;
				GCC_OPTIMIZATION_LEVEL = 0;
				GCC_PREPROCESSOR_DEFINITIONS = (
					"DEBUG=1",
					"$(inherited)",
				);
				GCC_WARN_64_TO_32_BIT_CONVERSION = YES;
				GCC_WARN_ABOUT_RETURN_TYPE = YES_ERROR;
				GCC_WARN_UNDECLARED_SELECTOR = YES;
				GCC_WARN_UNINITIALIZED_AUTOS = YES_AGGRESSIVE;
				GCC_WARN_UNUSED_FUNCTION = YES;
				GCC_WARN_UNUSED_VARIABLE = YES;
				IPHONEOS_DEPLOYMENT_TARGET = 11.2;
				MTL_ENABLE_DEBUG_INFO = YES;
				ONLY_ACTIVE_ARCH = YES;
				SDKROOT = iphoneos;
				SWIFT_ACTIVE_COMPILATION_CONDITIONS = DEBUG;
				SWIFT_OPTIMIZATION_LEVEL = "-Onone";
			};
			name = Debug;
		};
		FCCD5561200B82FA006EDD1B /* Release */ = {
			isa = XCBuildConfiguration;
			buildSettings = {
				ALWAYS_SEARCH_USER_PATHS = NO;
				CLANG_ANALYZER_NONNULL = YES;
				CLANG_ANALYZER_NUMBER_OBJECT_CONVERSION = YES_AGGRESSIVE;
				CLANG_CXX_LANGUAGE_STANDARD = "gnu++14";
				CLANG_CXX_LIBRARY = "libc++";
				CLANG_ENABLE_MODULES = YES;
				CLANG_ENABLE_OBJC_ARC = YES;
				CLANG_WARN_BLOCK_CAPTURE_AUTORELEASING = YES;
				CLANG_WARN_BOOL_CONVERSION = YES;
				CLANG_WARN_COMMA = YES;
				CLANG_WARN_CONSTANT_CONVERSION = YES;
				CLANG_WARN_DIRECT_OBJC_ISA_USAGE = YES_ERROR;
				CLANG_WARN_DOCUMENTATION_COMMENTS = YES;
				CLANG_WARN_EMPTY_BODY = YES;
				CLANG_WARN_ENUM_CONVERSION = YES;
				CLANG_WARN_INFINITE_RECURSION = YES;
				CLANG_WARN_INT_CONVERSION = YES;
				CLANG_WARN_NON_LITERAL_NULL_CONVERSION = YES;
				CLANG_WARN_OBJC_LITERAL_CONVERSION = YES;
				CLANG_WARN_OBJC_ROOT_CLASS = YES_ERROR;
				CLANG_WARN_RANGE_LOOP_ANALYSIS = YES;
				CLANG_WARN_STRICT_PROTOTYPES = YES;
				CLANG_WARN_SUSPICIOUS_MOVE = YES;
				CLANG_WARN_UNGUARDED_AVAILABILITY = YES_AGGRESSIVE;
				CLANG_WARN_UNREACHABLE_CODE = YES;
				CLANG_WARN__DUPLICATE_METHOD_MATCH = YES;
				CODE_SIGN_IDENTITY = "iPhone Developer";
				COPY_PHASE_STRIP = NO;
				DEBUG_INFORMATION_FORMAT = "dwarf-with-dsym";
				ENABLE_NS_ASSERTIONS = NO;
				ENABLE_STRICT_OBJC_MSGSEND = YES;
				GCC_C_LANGUAGE_STANDARD = gnu11;
				GCC_NO_COMMON_BLOCKS = YES;
				GCC_WARN_64_TO_32_BIT_CONVERSION = YES;
				GCC_WARN_ABOUT_RETURN_TYPE = YES_ERROR;
				GCC_WARN_UNDECLARED_SELECTOR = YES;
				GCC_WARN_UNINITIALIZED_AUTOS = YES_AGGRESSIVE;
				GCC_WARN_UNUSED_FUNCTION = YES;
				GCC_WARN_UNUSED_VARIABLE = YES;
				IPHONEOS_DEPLOYMENT_TARGET = 11.2;
				MTL_ENABLE_DEBUG_INFO = NO;
				SDKROOT = iphoneos;
				SWIFT_OPTIMIZATION_LEVEL = "-Owholemodule";
				VALIDATE_PRODUCT = YES;
			};
			name = Release;
		};
		FCCD5563200B82FA006EDD1B /* Debug */ = {
			isa = XCBuildConfiguration;
			buildSettings = {
				ASSETCATALOG_COMPILER_APPICON_NAME = AppIcon;
				CODE_SIGN_STYLE = Automatic;
				DEVELOPMENT_TEAM = 477EAT77S3;
				INFOPLIST_FILE = CaptureByRepeatedAnimation/Info.plist;
				IPHONEOS_DEPLOYMENT_TARGET = 9.0;
				LD_RUNPATH_SEARCH_PATHS = "$(inherited) @executable_path/Frameworks";
				PRODUCT_BUNDLE_IDENTIFIER = Yandex.CaptureByRepeatedAnimation;
				PRODUCT_NAME = "$(TARGET_NAME)";
				SWIFT_VERSION = 4.0;
				TARGETED_DEVICE_FAMILY = "1,2";
			};
			name = Debug;
		};
		FCCD5564200B82FA006EDD1B /* Release */ = {
			isa = XCBuildConfiguration;
			buildSettings = {
				ASSETCATALOG_COMPILER_APPICON_NAME = AppIcon;
				CODE_SIGN_STYLE = Automatic;
				DEVELOPMENT_TEAM = 477EAT77S3;
				INFOPLIST_FILE = CaptureByRepeatedAnimation/Info.plist;
				IPHONEOS_DEPLOYMENT_TARGET = 9.0;
				LD_RUNPATH_SEARCH_PATHS = "$(inherited) @executable_path/Frameworks";
				PRODUCT_BUNDLE_IDENTIFIER = Yandex.CaptureByRepeatedAnimation;
				PRODUCT_NAME = "$(TARGET_NAME)";
				SWIFT_VERSION = 4.0;
				TARGETED_DEVICE_FAMILY = "1,2";
			};
			name = Release;
		};
/* End XCBuildConfiguration section */

/* Begin XCConfigurationList section */
		FCCD554B200B82FA006EDD1B /* Build configuration list for PBXProject "CaptureByRepeatedAnimation" */ = {
			isa = XCConfigurationList;
			buildConfigurations = (
				FCCD5560200B82FA006EDD1B /* Debug */,
				FCCD5561200B82FA006EDD1B /* Release */,
			);
			defaultConfigurationIsVisible = 0;
			defaultConfigurationName = Release;
		};
		FCCD5562200B82FA006EDD1B /* Build configuration list for PBXNativeTarget "CaptureByRepeatedAnimation" */ = {
			isa = XCConfigurationList;
			buildConfigurations = (
				FCCD5563200B82FA006EDD1B /* Debug */,
				FCCD5564200B82FA006EDD1B /* Release */,
			);
			defaultConfigurationIsVisible = 0;
			defaultConfigurationName = Release;
		};
/* End XCConfigurationList section */
	};
	rootObject = FCCD5548200B82FA006EDD1B /* Project object */;
}
